Microsoft Visual Studio Solution File, Format Version 12.00
# Visual Studio Version 17
VisualStudioVersion = 17.0.31903.59
MinimumVisualStudioVersion = 10.0.40219.1
Project("{FAE04EC0-301F-11D3-BF4B-00C04F79EFBC}") = "GolfRemote.Agent", "src\\GolfRemote.Agent\\GolfRemote.Agent.csproj", "{B2A4B650-C90B-49D5-8B52-D9E32A96A121}"
EndProject
Project("{FAE04EC0-301F-11D3-BF4B-00C04F79EFBC}") = "GolfRemote.Agent.Tests", "tests\\GolfRemote.Agent.Tests\\GolfRemote.Agent.Tests.csproj", "{DD4F537B-2F08-4C3C-A94F-0719A3BC22F2}"
EndProject
Global
	GlobalSection(SolutionConfigurationPlatforms) = preSolution
		Debug|Any CPU = Debug|Any CPU
		Release|Any CPU = Release|Any CPU
	EndGlobalSection
	GlobalSection(ProjectConfigurationPlatforms) = postSolution
		{B2A4B650-C90B-49D5-8B52-D9E32A96A121}.Debug|Any CPU.ActiveCfg = Debug|Any CPU
		{B2A4B650-C90B-49D5-8B52-D9E32A96A121}.Debug|Any CPU.Build.0 = Debug|Any CPU
		{B2A4B650-C90B-49D5-8B52-D9E32A96A121}.Release|Any CPU.ActiveCfg = Release|Any CPU
		{B2A4B650-C90B-49D5-8B52-D9E32A96A121}.Release|Any CPU.Build.0 = Release|Any CPU
		{DD4F537B-2F08-4C3C-A94F-0719A3BC22F2}.Debug|Any CPU.ActiveCfg = Debug|Any CPU
		{DD4F537B-2F08-4C3C-A94F-0719A3BC22F2}.Debug|Any CPU.Build.0 = Debug|Any CPU
		{DD4F537B-2F08-4C3C-A94F-0719A3BC22F2}.Release|Any CPU.ActiveCfg = Release|Any CPU
		{DD4F537B-2F08-4C3C-A94F-0719A3BC22F2}.Release|Any CPU.Build.0 = Release|Any CPU
	EndGlobalSection
EndGlobal
